// !$*UTF8*$!
{
	archiveVersion = 1;
	classes = {
	};
	objectVersion = 46;
	objects = {

/* Begin PBXBuildFile section */
		5D1583181BFDB7D4003A8AD7 /* main.m in Sources */ = {isa = PBXBuildFile; fileRef = 5D1583171BFDB7D4003A8AD7 /* main.m */; };
		5D15831B1BFDB7D4003A8AD7 /* AppDelegate.m in Sources */ = {isa = PBXBuildFile; fileRef = 5D15831A1BFDB7D4003A8AD7 /* AppDelegate.m */; };
		5D1583211BFDB7D4003A8AD7 /* Main.storyboard in Resources */ = {isa = PBXBuildFile; fileRef = 5D15831F1BFDB7D4003A8AD7 /* Main.storyboard */; };
		5D1583231BFDB7D4003A8AD7 /* Assets.xcassets in Resources */ = {isa = PBXBuildFile; fileRef = 5D1583221BFDB7D4003A8AD7 /* Assets.xcassets */; };
		5D1583261BFDB7D4003A8AD7 /* LaunchScreen.storyboard in Resources */ = {isa = PBXBuildFile; fileRef = 5D1583241BFDB7D4003A8AD7 /* LaunchScreen.storyboard */; };
		5D1583311BFDB7D4003A8AD7 /* ShaderViewTests.m in Sources */ = {isa = PBXBuildFile; fileRef = 5D1583301BFDB7D4003A8AD7 /* ShaderViewTests.m */; };
		5D1583521BFDB845003A8AD7 /* RMTexture.m in Sources */ = {isa = PBXBuildFile; fileRef = 5D1583481BFDB845003A8AD7 /* RMTexture.m */; };
		5D1583651BFDFE2F003A8AD7 /* RMMath.m in Sources */ = {isa = PBXBuildFile; fileRef = 5D1583641BFDFE2F003A8AD7 /* RMMath.m */; };
		5D1583671BFDFF5D003A8AD7 /* RMTestMath.m in Sources */ = {isa = PBXBuildFile; fileRef = 5D1583661BFDFF5D003A8AD7 /* RMTestMath.m */; };
		5D1583701BFE508A003A8AD7 /* RMCamera.m in Sources */ = {isa = PBXBuildFile; fileRef = 5D15836F1BFE508A003A8AD7 /* RMCamera.m */; };
		5D1C6DA81C031D5F00E19C87 /* RMGLVBOObject.m in Sources */ = {isa = PBXBuildFile; fileRef = 5D1C6D971C031D5F00E19C87 /* RMGLVBOObject.m */; };
		5D1C6DA91C031D5F00E19C87 /* RMGLFragmentShader.m in Sources */ = {isa = PBXBuildFile; fileRef = 5D1C6D9B1C031D5F00E19C87 /* RMGLFragmentShader.m */; };
		5D1C6DAA1C031D5F00E19C87 /* RMGLSLProgram.m in Sources */ = {isa = PBXBuildFile; fileRef = 5D1C6D9D1C031D5F00E19C87 /* RMGLSLProgram.m */; };
		5D1C6DAB1C031D5F00E19C87 /* RMGLVertexShader.m in Sources */ = {isa = PBXBuildFile; fileRef = 5D1C6D9F1C031D5F00E19C87 /* RMGLVertexShader.m */; };
		5D1C6DAE1C031D5F00E19C87 /* RMGLTexture.m in Sources */ = {isa = PBXBuildFile; fileRef = 5D1C6DA51C031D5F00E19C87 /* RMGLTexture.m */; };
		5D1C6DAF1C031D5F00E19C87 /* RMMatrix+_RMOpenGL_.m in Sources */ = {isa = PBXBuildFile; fileRef = 5D1C6DA71C031D5F00E19C87 /* RMMatrix+_RMOpenGL_.m */; };
		5D1C6F321C034E8400E19C87 /* RMSceneObject.m in Sources */ = {isa = PBXBuildFile; fileRef = 5D1C6F311C034E8400E19C87 /* RMSceneObject.m */; };
		5D1C6F351C034EBA00E19C87 /* RMCommon.m in Sources */ = {isa = PBXBuildFile; fileRef = 5D1C6F341C034EBA00E19C87 /* RMCommon.m */; };
		5D1C6F381C03539E00E19C87 /* RMTransform.m in Sources */ = {isa = PBXBuildFile; fileRef = 5D1C6F371C03539E00E19C87 /* RMTransform.m */; };
		5D2438121C04C08D00AB90D6 /* RMVBOVertexBuffer.m in Sources */ = {isa = PBXBuildFile; fileRef = 5D2438111C04C08D00AB90D6 /* RMVBOVertexBuffer.m */; };
		5D2438871C04E9A600AB90D6 /* Julia.frag in Resources */ = {isa = PBXBuildFile; fileRef = 5D2438851C04E9A600AB90D6 /* Julia.frag */; };
		5D2438881C04E9A600AB90D6 /* Julia.vert in Resources */ = {isa = PBXBuildFile; fileRef = 5D2438861C04E9A600AB90D6 /* Julia.vert */; };
		5D368C3E1BFF17AD00FE2A83 /* RMRender.m in Sources */ = {isa = PBXBuildFile; fileRef = 5D368C3D1BFF17AD00FE2A83 /* RMRender.m */; };
		5D4595FB1C078F1C00C30F30 /* RMGLShaderView.m in Sources */ = {isa = PBXBuildFile; fileRef = 5D4595F81C078F1B00C30F30 /* RMGLShaderView.m */; };
		5D4595FC1C078F1C00C30F30 /* RMShaderView.m in Sources */ = {isa = PBXBuildFile; fileRef = 5D4595FA1C078F1B00C30F30 /* RMShaderView.m */; };
		5D45960A1C078F9C00C30F30 /* RMSourceCodeLineNumberView.m in Sources */ = {isa = PBXBuildFile; fileRef = 5D4596001C078F9C00C30F30 /* RMSourceCodeLineNumberView.m */; };
		5D45960B1C078F9C00C30F30 /* RMSourceCodeTextView.m in Sources */ = {isa = PBXBuildFile; fileRef = 5D4596021C078F9C00C30F30 /* RMSourceCodeTextView.m */; };
		5D45960C1C078F9C00C30F30 /* RMFragmentShaderCodeViewController.m in Sources */ = {isa = PBXBuildFile; fileRef = 5D4596051C078F9C00C30F30 /* RMFragmentShaderCodeViewController.m */; };
		5D45960D1C078F9C00C30F30 /* RMSourceCodeViewController.m in Sources */ = {isa = PBXBuildFile; fileRef = 5D4596071C078F9C00C30F30 /* RMSourceCodeViewController.m */; };
		5D45960E1C078F9C00C30F30 /* RMVertexShaderCodeViewController.m in Sources */ = {isa = PBXBuildFile; fileRef = 5D4596091C078F9C00C30F30 /* RMVertexShaderCodeViewController.m */; };
		5D5EBB841C05A3CD00504CAD /* RMTestRenderScene.m in Sources */ = {isa = PBXBuildFile; fileRef = 5D5EBB831C05A3CD00504CAD /* RMTestRenderScene.m */; };
		5D5EBB871C05AC4600504CAD /* RMShaderEditorTabViewController.m in Sources */ = {isa = PBXBuildFile; fileRef = 5D5EBB861C05AC4600504CAD /* RMShaderEditorTabViewController.m */; };
		5D5EBB8A1C05B77500504CAD /* RMShaderViewController.m in Sources */ = {isa = PBXBuildFile; fileRef = 5D5EBB891C05B77500504CAD /* RMShaderViewController.m */; };
		5DFC464D1C020F280085852B /* RMMaterial.m in Sources */ = {isa = PBXBuildFile; fileRef = 5DFC464C1C020F280085852B /* RMMaterial.m */; };
		5DFC468E1C02361D0085852B /* RMVBOBuffer.m in Sources */ = {isa = PBXBuildFile; fileRef = 5DFC468B1C02361D0085852B /* RMVBOBuffer.m */; };
		5DFC468F1C02361D0085852B /* RMVBOObject.m in Sources */ = {isa = PBXBuildFile; fileRef = 5DFC468D1C02361D0085852B /* RMVBOObject.m */; };
		5DFC46A51C02382A0085852B /* RMMatrix.m in Sources */ = {isa = PBXBuildFile; fileRef = 5DFC469E1C02382A0085852B /* RMMatrix.m */; };
		5DFC46A61C02382A0085852B /* RMMatrix2x2.m in Sources */ = {isa = PBXBuildFile; fileRef = 5DFC46A01C02382A0085852B /* RMMatrix2x2.m */; };
		5DFC46A71C02382A0085852B /* RMMatrix3x3.m in Sources */ = {isa = PBXBuildFile; fileRef = 5DFC46A21C02382A0085852B /* RMMatrix3x3.m */; };
		5DFC46A81C02382A0085852B /* RMMatrix4x4.m in Sources */ = {isa = PBXBuildFile; fileRef = 5DFC46A41C02382A0085852B /* RMMatrix4x4.m */; };
		5DFC46AB1C02384C0085852B /* RMVector.m in Sources */ = {isa = PBXBuildFile; fileRef = 5DFC46AA1C02384C0085852B /* RMVector.m */; };
		5DFC46B61C02389D0085852B /* RMFragmentShader.m in Sources */ = {isa = PBXBuildFile; fileRef = 5DFC46AF1C02389D0085852B /* RMFragmentShader.m */; };
		5DFC46B71C02389D0085852B /* RMProgram.m in Sources */ = {isa = PBXBuildFile; fileRef = 5DFC46B11C02389D0085852B /* RMProgram.m */; };
		5DFC46B81C02389D0085852B /* RMShader.m in Sources */ = {isa = PBXBuildFile; fileRef = 5DFC46B31C02389D0085852B /* RMShader.m */; };
		5DFC46B91C02389D0085852B /* RMVertexShader.m in Sources */ = {isa = PBXBuildFile; fileRef = 5DFC46B51C02389D0085852B /* RMVertexShader.m */; };
		5DFC46BF1C0251350085852B /* RMVertexAttribute.m in Sources */ = {isa = PBXBuildFile; fileRef = 5DFC46BE1C0251350085852B /* RMVertexAttribute.m */; };
		5DFC46C21C025E9C0085852B /* RMVBOVertexAttribute.m in Sources */ = {isa = PBXBuildFile; fileRef = 5DFC46C11C025E9C0085852B /* RMVBOVertexAttribute.m */; };
		5DFC47651C0278520085852B /* RMDrawable.m in Sources */ = {isa = PBXBuildFile; fileRef = 5DFC47641C0278520085852B /* RMDrawable.m */; };
		5DFC47681C0278BA0085852B /* RMVBOObject+RMDrawable.m in Sources */ = {isa = PBXBuildFile; fileRef = 5DFC47671C0278BA0085852B /* RMVBOObject+RMDrawable.m */; };
/* End PBXBuildFile section */

/* Begin PBXContainerItemProxy section */
		5D15832D1BFDB7D4003A8AD7 /* PBXContainerItemProxy */ = {
			isa = PBXContainerItemProxy;
			containerPortal = 5D15830B1BFDB7D4003A8AD7 /* Project object */;
			proxyType = 1;
			remoteGlobalIDString = 5D1583121BFDB7D4003A8AD7;
			remoteInfo = ShaderView;
		};
/* End PBXContainerItemProxy section */

/* Begin PBXFileReference section */
		5D1583131BFDB7D4003A8AD7 /* ShaderView.app */ = {isa = PBXFileReference; explicitFileType = wrapper.application; includeInIndex = 0; path = ShaderView.app; sourceTree = BUILT_PRODUCTS_DIR; };
		5D1583171BFDB7D4003A8AD7 /* main.m */ = {isa = PBXFileReference; lastKnownFileType = sourcecode.c.objc; path = main.m; sourceTree = "<group>"; };
		5D1583191BFDB7D4003A8AD7 /* AppDelegate.h */ = {isa = PBXFileReference; lastKnownFileType = sourcecode.c.h; path = AppDelegate.h; sourceTree = "<group>"; };
		5D15831A1BFDB7D4003A8AD7 /* AppDelegate.m */ = {isa = PBXFileReference; lastKnownFileType = sourcecode.c.objc; path = AppDelegate.m; sourceTree = "<group>"; };
		5D1583201BFDB7D4003A8AD7 /* Base */ = {isa = PBXFileReference; lastKnownFileType = file.storyboard; name = Base; path = Base.lproj/Main.storyboard; sourceTree = "<group>"; };
		5D1583221BFDB7D4003A8AD7 /* Assets.xcassets */ = {isa = PBXFileReference; lastKnownFileType = folder.assetcatalog; path = Assets.xcassets; sourceTree = "<group>"; };
		5D1583251BFDB7D4003A8AD7 /* Base */ = {isa = PBXFileReference; lastKnownFileType = file.storyboard; name = Base; path = Base.lproj/LaunchScreen.storyboard; sourceTree = "<group>"; };
		5D1583271BFDB7D4003A8AD7 /* Info.plist */ = {isa = PBXFileReference; lastKnownFileType = text.plist.xml; path = Info.plist; sourceTree = "<group>"; };
		5D15832C1BFDB7D4003A8AD7 /* ShaderViewTests.xctest */ = {isa = PBXFileReference; explicitFileType = wrapper.cfbundle; includeInIndex = 0; path = ShaderViewTests.xctest; sourceTree = BUILT_PRODUCTS_DIR; };
		5D1583301BFDB7D4003A8AD7 /* ShaderViewTests.m */ = {isa = PBXFileReference; lastKnownFileType = sourcecode.c.objc; path = ShaderViewTests.m; sourceTree = "<group>"; };
		5D1583321BFDB7D4003A8AD7 /* Info.plist */ = {isa = PBXFileReference; lastKnownFileType = text.plist.xml; path = Info.plist; sourceTree = "<group>"; };
		5D1583471BFDB845003A8AD7 /* RMTexture.h */ = {isa = PBXFileReference; fileEncoding = 4; lastKnownFileType = sourcecode.c.h; path = RMTexture.h; sourceTree = "<group>"; };
		5D1583481BFDB845003A8AD7 /* RMTexture.m */ = {isa = PBXFileReference; fileEncoding = 4; lastKnownFileType = sourcecode.c.objc; path = RMTexture.m; sourceTree = "<group>"; };
		5D1583631BFDFE2F003A8AD7 /* RMMath.h */ = {isa = PBXFileReference; fileEncoding = 4; lastKnownFileType = sourcecode.c.h; path = RMMath.h; sourceTree = "<group>"; };
		5D1583641BFDFE2F003A8AD7 /* RMMath.m */ = {isa = PBXFileReference; fileEncoding = 4; lastKnownFileType = sourcecode.c.objc; path = RMMath.m; sourceTree = "<group>"; };
		5D1583661BFDFF5D003A8AD7 /* RMTestMath.m */ = {isa = PBXFileReference; fileEncoding = 4; lastKnownFileType = sourcecode.c.objc; path = RMTestMath.m; sourceTree = "<group>"; };
		5D15836E1BFE508A003A8AD7 /* RMCamera.h */ = {isa = PBXFileReference; fileEncoding = 4; lastKnownFileType = sourcecode.c.h; path = RMCamera.h; sourceTree = "<group>"; };
		5D15836F1BFE508A003A8AD7 /* RMCamera.m */ = {isa = PBXFileReference; fileEncoding = 4; lastKnownFileType = sourcecode.c.objc; path = RMCamera.m; sourceTree = "<group>"; };
		5D1C6D961C031D5F00E19C87 /* RMGLVBOObject.h */ = {isa = PBXFileReference; fileEncoding = 4; lastKnownFileType = sourcecode.c.h; path = RMGLVBOObject.h; sourceTree = "<group>"; };
		5D1C6D971C031D5F00E19C87 /* RMGLVBOObject.m */ = {isa = PBXFileReference; fileEncoding = 4; lastKnownFileType = sourcecode.c.objc; path = RMGLVBOObject.m; sourceTree = "<group>"; };
		5D1C6D9A1C031D5F00E19C87 /* RMGLFragmentShader.h */ = {isa = PBXFileReference; fileEncoding = 4; lastKnownFileType = sourcecode.c.h; path = RMGLFragmentShader.h; sourceTree = "<group>"; };
		5D1C6D9B1C031D5F00E19C87 /* RMGLFragmentShader.m */ = {isa = PBXFileReference; fileEncoding = 4; lastKnownFileType = sourcecode.c.objc; path = RMGLFragmentShader.m; sourceTree = "<group>"; };
		5D1C6D9C1C031D5F00E19C87 /* RMGLSLProgram.h */ = {isa = PBXFileReference; fileEncoding = 4; lastKnownFileType = sourcecode.c.h; path = RMGLSLProgram.h; sourceTree = "<group>"; };
		5D1C6D9D1C031D5F00E19C87 /* RMGLSLProgram.m */ = {isa = PBXFileReference; fileEncoding = 4; lastKnownFileType = sourcecode.c.objc; path = RMGLSLProgram.m; sourceTree = "<group>"; };
		5D1C6D9E1C031D5F00E19C87 /* RMGLVertexShader.h */ = {isa = PBXFileReference; fileEncoding = 4; lastKnownFileType = sourcecode.c.h; path = RMGLVertexShader.h; sourceTree = "<group>"; };
		5D1C6D9F1C031D5F00E19C87 /* RMGLVertexShader.m */ = {isa = PBXFileReference; fileEncoding = 4; lastKnownFileType = sourcecode.c.objc; path = RMGLVertexShader.m; sourceTree = "<group>"; };
		5D1C6DA41C031D5F00E19C87 /* RMGLTexture.h */ = {isa = PBXFileReference; fileEncoding = 4; lastKnownFileType = sourcecode.c.h; path = RMGLTexture.h; sourceTree = "<group>"; };
		5D1C6DA51C031D5F00E19C87 /* RMGLTexture.m */ = {isa = PBXFileReference; fileEncoding = 4; lastKnownFileType = sourcecode.c.objc; path = RMGLTexture.m; sourceTree = "<group>"; };
		5D1C6DA61C031D5F00E19C87 /* RMMatrix+_RMOpenGL_.h */ = {isa = PBXFileReference; fileEncoding = 4; lastKnownFileType = sourcecode.c.h; path = "RMMatrix+_RMOpenGL_.h"; sourceTree = "<group>"; };
		5D1C6DA71C031D5F00E19C87 /* RMMatrix+_RMOpenGL_.m */ = {isa = PBXFileReference; fileEncoding = 4; lastKnownFileType = sourcecode.c.objc; path = "RMMatrix+_RMOpenGL_.m"; sourceTree = "<group>"; };
		5D1C6F301C034E8400E19C87 /* RMSceneObject.h */ = {isa = PBXFileReference; fileEncoding = 4; lastKnownFileType = sourcecode.c.h; path = RMSceneObject.h; sourceTree = "<group>"; };
		5D1C6F311C034E8400E19C87 /* RMSceneObject.m */ = {isa = PBXFileReference; fileEncoding = 4; lastKnownFileType = sourcecode.c.objc; path = RMSceneObject.m; sourceTree = "<group>"; };
		5D1C6F331C034EBA00E19C87 /* RMCommon.h */ = {isa = PBXFileReference; fileEncoding = 4; lastKnownFileType = sourcecode.c.h; path = RMCommon.h; sourceTree = "<group>"; };
		5D1C6F341C034EBA00E19C87 /* RMCommon.m */ = {isa = PBXFileReference; fileEncoding = 4; lastKnownFileType = sourcecode.c.objc; path = RMCommon.m; sourceTree = "<group>"; };
		5D1C6F361C03539E00E19C87 /* RMTransform.h */ = {isa = PBXFileReference; fileEncoding = 4; lastKnownFileType = sourcecode.c.h; path = RMTransform.h; sourceTree = "<group>"; };
		5D1C6F371C03539E00E19C87 /* RMTransform.m */ = {isa = PBXFileReference; fileEncoding = 4; lastKnownFileType = sourcecode.c.objc; path = RMTransform.m; sourceTree = "<group>"; };
		5D2438101C04C08D00AB90D6 /* RMVBOVertexBuffer.h */ = {isa = PBXFileReference; fileEncoding = 4; lastKnownFileType = sourcecode.c.h; path = RMVBOVertexBuffer.h; sourceTree = "<group>"; };
		5D2438111C04C08D00AB90D6 /* RMVBOVertexBuffer.m */ = {isa = PBXFileReference; fileEncoding = 4; lastKnownFileType = sourcecode.c.objc; path = RMVBOVertexBuffer.m; sourceTree = "<group>"; };
		5D2438851C04E9A600AB90D6 /* Julia.frag */ = {isa = PBXFileReference; fileEncoding = 4; lastKnownFileType = sourcecode.glsl; path = Julia.frag; sourceTree = "<group>"; };
		5D2438861C04E9A600AB90D6 /* Julia.vert */ = {isa = PBXFileReference; fileEncoding = 4; lastKnownFileType = sourcecode.glsl; path = Julia.vert; sourceTree = "<group>"; };
		5D368C3C1BFF17AD00FE2A83 /* RMRender.h */ = {isa = PBXFileReference; fileEncoding = 4; lastKnownFileType = sourcecode.c.h; path = RMRender.h; sourceTree = "<group>"; };
		5D368C3D1BFF17AD00FE2A83 /* RMRender.m */ = {isa = PBXFileReference; fileEncoding = 4; lastKnownFileType = sourcecode.c.objc; path = RMRender.m; sourceTree = "<group>"; };
		5D4595F71C078F1B00C30F30 /* RMGLShaderView.h */ = {isa = PBXFileReference; fileEncoding = 4; lastKnownFileType = sourcecode.c.h; path = RMGLShaderView.h; sourceTree = "<group>"; };
		5D4595F81C078F1B00C30F30 /* RMGLShaderView.m */ = {isa = PBXFileReference; fileEncoding = 4; lastKnownFileType = sourcecode.c.objc; path = RMGLShaderView.m; sourceTree = "<group>"; };
		5D4595F91C078F1B00C30F30 /* RMShaderView.h */ = {isa = PBXFileReference; fileEncoding = 4; lastKnownFileType = sourcecode.c.h; path = RMShaderView.h; sourceTree = "<group>"; };
		5D4595FA1C078F1B00C30F30 /* RMShaderView.m */ = {isa = PBXFileReference; fileEncoding = 4; lastKnownFileType = sourcecode.c.objc; path = RMShaderView.m; sourceTree = "<group>"; };
		5D4595FF1C078F9C00C30F30 /* RMSourceCodeLineNumberView.h */ = {isa = PBXFileReference; fileEncoding = 4; lastKnownFileType = sourcecode.c.h; path = RMSourceCodeLineNumberView.h; sourceTree = "<group>"; };
		5D4596001C078F9C00C30F30 /* RMSourceCodeLineNumberView.m */ = {isa = PBXFileReference; fileEncoding = 4; lastKnownFileType = sourcecode.c.objc; path = RMSourceCodeLineNumberView.m; sourceTree = "<group>"; };
		5D4596011C078F9C00C30F30 /* RMSourceCodeTextView.h */ = {isa = PBXFileReference; fileEncoding = 4; lastKnownFileType = sourcecode.c.h; path = RMSourceCodeTextView.h; sourceTree = "<group>"; };
		5D4596021C078F9C00C30F30 /* RMSourceCodeTextView.m */ = {isa = PBXFileReference; fileEncoding = 4; lastKnownFileType = sourcecode.c.objc; path = RMSourceCodeTextView.m; sourceTree = "<group>"; };
		5D4596041C078F9C00C30F30 /* RMFragmentShaderCodeViewController.h */ = {isa = PBXFileReference; fileEncoding = 4; lastKnownFileType = sourcecode.c.h; path = RMFragmentShaderCodeViewController.h; sourceTree = "<group>"; };
		5D4596051C078F9C00C30F30 /* RMFragmentShaderCodeViewController.m */ = {isa = PBXFileReference; fileEncoding = 4; lastKnownFileType = sourcecode.c.objc; path = RMFragmentShaderCodeViewController.m; sourceTree = "<group>"; };
		5D4596061C078F9C00C30F30 /* RMSourceCodeViewController.h */ = {isa = PBXFileReference; fileEncoding = 4; lastKnownFileType = sourcecode.c.h; path = RMSourceCodeViewController.h; sourceTree = "<group>"; };
		5D4596071C078F9C00C30F30 /* RMSourceCodeViewController.m */ = {isa = PBXFileReference; fileEncoding = 4; lastKnownFileType = sourcecode.c.objc; path = RMSourceCodeViewController.m; sourceTree = "<group>"; };
		5D4596081C078F9C00C30F30 /* RMVertexShaderCodeViewController.h */ = {isa = PBXFileReference; fileEncoding = 4; lastKnownFileType = sourcecode.c.h; path = RMVertexShaderCodeViewController.h; sourceTree = "<group>"; };
		5D4596091C078F9C00C30F30 /* RMVertexShaderCodeViewController.m */ = {isa = PBXFileReference; fileEncoding = 4; lastKnownFileType = sourcecode.c.objc; path = RMVertexShaderCodeViewController.m; sourceTree = "<group>"; };
		5D5EBB821C05A3CD00504CAD /* RMTestRenderScene.h */ = {isa = PBXFileReference; fileEncoding = 4; lastKnownFileType = sourcecode.c.h; path = RMTestRenderScene.h; sourceTree = "<group>"; };
		5D5EBB831C05A3CD00504CAD /* RMTestRenderScene.m */ = {isa = PBXFileReference; fileEncoding = 4; lastKnownFileType = sourcecode.c.objc; path = RMTestRenderScene.m; sourceTree = "<group>"; };
		5D5EBB851C05AC4600504CAD /* RMShaderEditorTabViewController.h */ = {isa = PBXFileReference; fileEncoding = 4; lastKnownFileType = sourcecode.c.h; path = RMShaderEditorTabViewController.h; sourceTree = "<group>"; };
		5D5EBB861C05AC4600504CAD /* RMShaderEditorTabViewController.m */ = {isa = PBXFileReference; fileEncoding = 4; lastKnownFileType = sourcecode.c.objc; path = RMShaderEditorTabViewController.m; sourceTree = "<group>"; };
		5D5EBB881C05B77500504CAD /* RMShaderViewController.h */ = {isa = PBXFileReference; fileEncoding = 4; lastKnownFileType = sourcecode.c.h; path = RMShaderViewController.h; sourceTree = "<group>"; };
		5D5EBB891C05B77500504CAD /* RMShaderViewController.m */ = {isa = PBXFileReference; fileEncoding = 4; lastKnownFileType = sourcecode.c.objc; path = RMShaderViewController.m; sourceTree = "<group>"; };
		5DFC464B1C020F280085852B /* RMMaterial.h */ = {isa = PBXFileReference; fileEncoding = 4; lastKnownFileType = sourcecode.c.h; path = RMMaterial.h; sourceTree = "<group>"; };
		5DFC464C1C020F280085852B /* RMMaterial.m */ = {isa = PBXFileReference; fileEncoding = 4; lastKnownFileType = sourcecode.c.objc; path = RMMaterial.m; sourceTree = "<group>"; };
		5DFC468A1C02361D0085852B /* RMVBOBuffer.h */ = {isa = PBXFileReference; fileEncoding = 4; lastKnownFileType = sourcecode.c.h; path = RMVBOBuffer.h; sourceTree = "<group>"; };
		5DFC468B1C02361D0085852B /* RMVBOBuffer.m */ = {isa = PBXFileReference; fileEncoding = 4; lastKnownFileType = sourcecode.c.objc; path = RMVBOBuffer.m; sourceTree = "<group>"; };
		5DFC468C1C02361D0085852B /* RMVBOObject.h */ = {isa = PBXFileReference; fileEncoding = 4; lastKnownFileType = sourcecode.c.h; path = RMVBOObject.h; sourceTree = "<group>"; };
		5DFC468D1C02361D0085852B /* RMVBOObject.m */ = {isa = PBXFileReference; fileEncoding = 4; lastKnownFileType = sourcecode.c.objc; path = RMVBOObject.m; sourceTree = "<group>"; };
		5DFC469D1C02382A0085852B /* RMMatrix.h */ = {isa = PBXFileReference; fileEncoding = 4; lastKnownFileType = sourcecode.c.h; path = RMMatrix.h; sourceTree = "<group>"; };
		5DFC469E1C02382A0085852B /* RMMatrix.m */ = {isa = PBXFileReference; fileEncoding = 4; lastKnownFileType = sourcecode.c.objc; path = RMMatrix.m; sourceTree = "<group>"; };
		5DFC469F1C02382A0085852B /* RMMatrix2x2.h */ = {isa = PBXFileReference; fileEncoding = 4; lastKnownFileType = sourcecode.c.h; path = RMMatrix2x2.h; sourceTree = "<group>"; };
		5DFC46A01C02382A0085852B /* RMMatrix2x2.m */ = {isa = PBXFileReference; fileEncoding = 4; lastKnownFileType = sourcecode.c.objc; path = RMMatrix2x2.m; sourceTree = "<group>"; };
		5DFC46A11C02382A0085852B /* RMMatrix3x3.h */ = {isa = PBXFileReference; fileEncoding = 4; lastKnownFileType = sourcecode.c.h; path = RMMatrix3x3.h; sourceTree = "<group>"; };
		5DFC46A21C02382A0085852B /* RMMatrix3x3.m */ = {isa = PBXFileReference; fileEncoding = 4; lastKnownFileType = sourcecode.c.objc; path = RMMatrix3x3.m; sourceTree = "<group>"; };
		5DFC46A31C02382A0085852B /* RMMatrix4x4.h */ = {isa = PBXFileReference; fileEncoding = 4; lastKnownFileType = sourcecode.c.h; path = RMMatrix4x4.h; sourceTree = "<group>"; };
		5DFC46A41C02382A0085852B /* RMMatrix4x4.m */ = {isa = PBXFileReference; fileEncoding = 4; lastKnownFileType = sourcecode.c.objc; path = RMMatrix4x4.m; sourceTree = "<group>"; };
		5DFC46A91C02384C0085852B /* RMVector.h */ = {isa = PBXFileReference; fileEncoding = 4; lastKnownFileType = sourcecode.c.h; path = RMVector.h; sourceTree = "<group>"; };
		5DFC46AA1C02384C0085852B /* RMVector.m */ = {isa = PBXFileReference; fileEncoding = 4; lastKnownFileType = sourcecode.c.objc; path = RMVector.m; sourceTree = "<group>"; };
		5DFC46AE1C02389D0085852B /* RMFragmentShader.h */ = {isa = PBXFileReference; fileEncoding = 4; lastKnownFileType = sourcecode.c.h; path = RMFragmentShader.h; sourceTree = "<group>"; };
		5DFC46AF1C02389D0085852B /* RMFragmentShader.m */ = {isa = PBXFileReference; fileEncoding = 4; lastKnownFileType = sourcecode.c.objc; path = RMFragmentShader.m; sourceTree = "<group>"; };
		5DFC46B01C02389D0085852B /* RMProgram.h */ = {isa = PBXFileReference; fileEncoding = 4; lastKnownFileType = sourcecode.c.h; path = RMProgram.h; sourceTree = "<group>"; };
		5DFC46B11C02389D0085852B /* RMProgram.m */ = {isa = PBXFileReference; fileEncoding = 4; lastKnownFileType = sourcecode.c.objc; path = RMProgram.m; sourceTree = "<group>"; };
		5DFC46B21C02389D0085852B /* RMShader.h */ = {isa = PBXFileReference; fileEncoding = 4; lastKnownFileType = sourcecode.c.h; path = RMShader.h; sourceTree = "<group>"; };
		5DFC46B31C02389D0085852B /* RMShader.m */ = {isa = PBXFileReference; fileEncoding = 4; lastKnownFileType = sourcecode.c.objc; path = RMShader.m; sourceTree = "<group>"; };
		5DFC46B41C02389D0085852B /* RMVertexShader.h */ = {isa = PBXFileReference; fileEncoding = 4; lastKnownFileType = sourcecode.c.h; path = RMVertexShader.h; sourceTree = "<group>"; };
		5DFC46B51C02389D0085852B /* RMVertexShader.m */ = {isa = PBXFileReference; fileEncoding = 4; lastKnownFileType = sourcecode.c.objc; path = RMVertexShader.m; sourceTree = "<group>"; };
		5DFC46BD1C0251350085852B /* RMVertexAttribute.h */ = {isa = PBXFileReference; fileEncoding = 4; lastKnownFileType = sourcecode.c.h; path = RMVertexAttribute.h; sourceTree = "<group>"; };
		5DFC46BE1C0251350085852B /* RMVertexAttribute.m */ = {isa = PBXFileReference; fileEncoding = 4; lastKnownFileType = sourcecode.c.objc; path = RMVertexAttribute.m; sourceTree = "<group>"; };
		5DFC46C01C025E9C0085852B /* RMVBOVertexAttribute.h */ = {isa = PBXFileReference; fileEncoding = 4; lastKnownFileType = sourcecode.c.h; path = RMVBOVertexAttribute.h; sourceTree = "<group>"; };
		5DFC46C11C025E9C0085852B /* RMVBOVertexAttribute.m */ = {isa = PBXFileReference; fileEncoding = 4; lastKnownFileType = sourcecode.c.objc; path = RMVBOVertexAttribute.m; sourceTree = "<group>"; };
		5DFC47631C0278520085852B /* RMDrawable.h */ = {isa = PBXFileReference; fileEncoding = 4; lastKnownFileType = sourcecode.c.h; path = RMDrawable.h; sourceTree = "<group>"; };
		5DFC47641C0278520085852B /* RMDrawable.m */ = {isa = PBXFileReference; fileEncoding = 4; lastKnownFileType = sourcecode.c.objc; path = RMDrawable.m; sourceTree = "<group>"; };
		5DFC47661C0278BA0085852B /* RMVBOObject+RMDrawable.h */ = {isa = PBXFileReference; fileEncoding = 4; lastKnownFileType = sourcecode.c.h; path = "RMVBOObject+RMDrawable.h"; sourceTree = "<group>"; };
		5DFC47671C0278BA0085852B /* RMVBOObject+RMDrawable.m */ = {isa = PBXFileReference; fileEncoding = 4; lastKnownFileType = sourcecode.c.objc; path = "RMVBOObject+RMDrawable.m"; sourceTree = "<group>"; };
/* End PBXFileReference section */

/* Begin PBXFrameworksBuildPhase section */
		5D1583101BFDB7D4003A8AD7 /* Frameworks */ = {
			isa = PBXFrameworksBuildPhase;
			buildActionMask = 2147483647;
			files = (
			);
			runOnlyForDeploymentPostprocessing = 0;
		};
		5D1583291BFDB7D4003A8AD7 /* Frameworks */ = {
			isa = PBXFrameworksBuildPhase;
			buildActionMask = 2147483647;
			files = (
			);
			runOnlyForDeploymentPostprocessing = 0;
		};
/* End PBXFrameworksBuildPhase section */

/* Begin PBXGroup section */
		5D15830A1BFDB7D4003A8AD7 = {
			isa = PBXGroup;
			children = (
				5D1583151BFDB7D4003A8AD7 /* ShaderView */,
				5D15832F1BFDB7D4003A8AD7 /* ShaderViewTests */,
				5D1583141BFDB7D4003A8AD7 /* Products */,
			);
			sourceTree = "<group>";
		};
		5D1583141BFDB7D4003A8AD7 /* Products */ = {
			isa = PBXGroup;
			children = (
				5D1583131BFDB7D4003A8AD7 /* ShaderView.app */,
				5D15832C1BFDB7D4003A8AD7 /* ShaderViewTests.xctest */,
			);
			name = Products;
			sourceTree = "<group>";
		};
		5D1583151BFDB7D4003A8AD7 /* ShaderView */ = {
			isa = PBXGroup;
			children = (
				5D4595FD1C078F9C00C30F30 /* SourceCodeEditor */,
				5D4595F61C078F1B00C30F30 /* ShaderView */,
				5D1583621BFDFE2F003A8AD7 /* Math */,
				5D15833B1BFDB844003A8AD7 /* GL */,
				5D1583401BFDB844003A8AD7 /* Model */,
				5D1583191BFDB7D4003A8AD7 /* AppDelegate.h */,
				5D15831A1BFDB7D4003A8AD7 /* AppDelegate.m */,
				5D15831F1BFDB7D4003A8AD7 /* Main.storyboard */,
				5D1583221BFDB7D4003A8AD7 /* Assets.xcassets */,
				5D1583241BFDB7D4003A8AD7 /* LaunchScreen.storyboard */,
				5D1583271BFDB7D4003A8AD7 /* Info.plist */,
				5D1583161BFDB7D4003A8AD7 /* Supporting Files */,
				5D2438851C04E9A600AB90D6 /* Julia.frag */,
				5D2438861C04E9A600AB90D6 /* Julia.vert */,
				5D5EBB821C05A3CD00504CAD /* RMTestRenderScene.h */,
				5D5EBB831C05A3CD00504CAD /* RMTestRenderScene.m */,
				5D5EBB851C05AC4600504CAD /* RMShaderEditorTabViewController.h */,
				5D5EBB861C05AC4600504CAD /* RMShaderEditorTabViewController.m */,
				5D5EBB881C05B77500504CAD /* RMShaderViewController.h */,
				5D5EBB891C05B77500504CAD /* RMShaderViewController.m */,
			);
			path = ShaderView;
			sourceTree = "<group>";
		};
		5D1583161BFDB7D4003A8AD7 /* Supporting Files */ = {
			isa = PBXGroup;
			children = (
				5D1583171BFDB7D4003A8AD7 /* main.m */,
			);
			name = "Supporting Files";
			sourceTree = "<group>";
		};
		5D15832F1BFDB7D4003A8AD7 /* ShaderViewTests */ = {
			isa = PBXGroup;
			children = (
				5D1583301BFDB7D4003A8AD7 /* ShaderViewTests.m */,
				5D1583321BFDB7D4003A8AD7 /* Info.plist */,
				5D1583661BFDFF5D003A8AD7 /* RMTestMath.m */,
			);
			path = ShaderViewTests;
			sourceTree = "<group>";
		};
		5D15833B1BFDB844003A8AD7 /* GL */ = {
			isa = PBXGroup;
			children = (
				5D1C6D941C031D5F00E19C87 /* Geometry */,
				5D1C6D981C031D5F00E19C87 /* Graphics */,
				5D1C6DA41C031D5F00E19C87 /* RMGLTexture.h */,
				5D1C6DA51C031D5F00E19C87 /* RMGLTexture.m */,
				5D1C6DA61C031D5F00E19C87 /* RMMatrix+_RMOpenGL_.h */,
				5D1C6DA71C031D5F00E19C87 /* RMMatrix+_RMOpenGL_.m */,
			);
			path = GL;
			sourceTree = "<group>";
		};
		5D1583401BFDB844003A8AD7 /* Model */ = {
			isa = PBXGroup;
			children = (
				5DFC46AC1C02389D0085852B /* Graphics */,
				5DFC46881C02361D0085852B /* Geometry */,
				5D1583471BFDB845003A8AD7 /* RMTexture.h */,
				5D1583481BFDB845003A8AD7 /* RMTexture.m */,
				5D368C3C1BFF17AD00FE2A83 /* RMRender.h */,
				5D368C3D1BFF17AD00FE2A83 /* RMRender.m */,
				5DFC464B1C020F280085852B /* RMMaterial.h */,
				5DFC464C1C020F280085852B /* RMMaterial.m */,
				5D1C6F301C034E8400E19C87 /* RMSceneObject.h */,
				5D1C6F311C034E8400E19C87 /* RMSceneObject.m */,
				5D1C6F331C034EBA00E19C87 /* RMCommon.h */,
				5D1C6F341C034EBA00E19C87 /* RMCommon.m */,
				5D1C6F361C03539E00E19C87 /* RMTransform.h */,
				5D1C6F371C03539E00E19C87 /* RMTransform.m */,
			);
			path = Model;
			sourceTree = "<group>";
		};
		5D1583621BFDFE2F003A8AD7 /* Math */ = {
			isa = PBXGroup;
			children = (
				5D1583631BFDFE2F003A8AD7 /* RMMath.h */,
				5D1583641BFDFE2F003A8AD7 /* RMMath.m */,
				5D15836E1BFE508A003A8AD7 /* RMCamera.h */,
				5D15836F1BFE508A003A8AD7 /* RMCamera.m */,
				5DFC469D1C02382A0085852B /* RMMatrix.h */,
				5DFC469E1C02382A0085852B /* RMMatrix.m */,
				5DFC469F1C02382A0085852B /* RMMatrix2x2.h */,
				5DFC46A01C02382A0085852B /* RMMatrix2x2.m */,
				5DFC46A11C02382A0085852B /* RMMatrix3x3.h */,
				5DFC46A21C02382A0085852B /* RMMatrix3x3.m */,
				5DFC46A31C02382A0085852B /* RMMatrix4x4.h */,
				5DFC46A41C02382A0085852B /* RMMatrix4x4.m */,
				5DFC46A91C02384C0085852B /* RMVector.h */,
				5DFC46AA1C02384C0085852B /* RMVector.m */,
			);
			path = Math;
			sourceTree = "<group>";
		};
		5D1C6D941C031D5F00E19C87 /* Geometry */ = {
			isa = PBXGroup;
			children = (
				5D1C6D951C031D5F00E19C87 /* VBO */,
			);
			path = Geometry;
			sourceTree = "<group>";
		};
		5D1C6D951C031D5F00E19C87 /* VBO */ = {
			isa = PBXGroup;
			children = (
				5D1C6D961C031D5F00E19C87 /* RMGLVBOObject.h */,
				5D1C6D971C031D5F00E19C87 /* RMGLVBOObject.m */,
			);
			path = VBO;
			sourceTree = "<group>";
		};
		5D1C6D981C031D5F00E19C87 /* Graphics */ = {
			isa = PBXGroup;
			children = (
				5D1C6D991C031D5F00E19C87 /* Shader */,
			);
			path = Graphics;
			sourceTree = "<group>";
		};
		5D1C6D991C031D5F00E19C87 /* Shader */ = {
			isa = PBXGroup;
			children = (
				5D1C6D9A1C031D5F00E19C87 /* RMGLFragmentShader.h */,
				5D1C6D9B1C031D5F00E19C87 /* RMGLFragmentShader.m */,
				5D1C6D9C1C031D5F00E19C87 /* RMGLSLProgram.h */,
				5D1C6D9D1C031D5F00E19C87 /* RMGLSLProgram.m */,
				5D1C6D9E1C031D5F00E19C87 /* RMGLVertexShader.h */,
				5D1C6D9F1C031D5F00E19C87 /* RMGLVertexShader.m */,
			);
			path = Shader;
			sourceTree = "<group>";
		};
		5D4595F61C078F1B00C30F30 /* ShaderView */ = {
			isa = PBXGroup;
			children = (
				5D4595F71C078F1B00C30F30 /* RMGLShaderView.h */,
				5D4595F81C078F1B00C30F30 /* RMGLShaderView.m */,
				5D4595F91C078F1B00C30F30 /* RMShaderView.h */,
				5D4595FA1C078F1B00C30F30 /* RMShaderView.m */,
			);
			path = ShaderView;
			sourceTree = "<group>";
		};
		5D4595FD1C078F9C00C30F30 /* SourceCodeEditor */ = {
			isa = PBXGroup;
			children = (
				5D4595FE1C078F9C00C30F30 /* View */,
				5D4596031C078F9C00C30F30 /* ViewController */,
			);
			path = SourceCodeEditor;
			sourceTree = "<group>";
		};
		5D4595FE1C078F9C00C30F30 /* View */ = {
			isa = PBXGroup;
			children = (
				5D4595FF1C078F9C00C30F30 /* RMSourceCodeLineNumberView.h */,
				5D4596001C078F9C00C30F30 /* RMSourceCodeLineNumberView.m */,
				5D4596011C078F9C00C30F30 /* RMSourceCodeTextView.h */,
				5D4596021C078F9C00C30F30 /* RMSourceCodeTextView.m */,
			);
			path = View;
			sourceTree = "<group>";
		};
		5D4596031C078F9C00C30F30 /* ViewController */ = {
			isa = PBXGroup;
			children = (
				5D4596041C078F9C00C30F30 /* RMFragmentShaderCodeViewController.h */,
				5D4596051C078F9C00C30F30 /* RMFragmentShaderCodeViewController.m */,
				5D4596061C078F9C00C30F30 /* RMSourceCodeViewController.h */,
				5D4596071C078F9C00C30F30 /* RMSourceCodeViewController.m */,
				5D4596081C078F9C00C30F30 /* RMVertexShaderCodeViewController.h */,
				5D4596091C078F9C00C30F30 /* RMVertexShaderCodeViewController.m */,
			);
			path = ViewController;
			sourceTree = "<group>";
		};
		5DFC46881C02361D0085852B /* Geometry */ = {
			isa = PBXGroup;
			children = (
				5DFC46891C02361D0085852B /* VBO */,
			);
			path = Geometry;
			sourceTree = "<group>";
		};
		5DFC46891C02361D0085852B /* VBO */ = {
			isa = PBXGroup;
			children = (
				5DFC468A1C02361D0085852B /* RMVBOBuffer.h */,
				5DFC468B1C02361D0085852B /* RMVBOBuffer.m */,
				5DFC468C1C02361D0085852B /* RMVBOObject.h */,
				5DFC468D1C02361D0085852B /* RMVBOObject.m */,
				5DFC46C01C025E9C0085852B /* RMVBOVertexAttribute.h */,
				5DFC46C11C025E9C0085852B /* RMVBOVertexAttribute.m */,
				5D2438101C04C08D00AB90D6 /* RMVBOVertexBuffer.h */,
				5D2438111C04C08D00AB90D6 /* RMVBOVertexBuffer.m */,
			);
			path = VBO;
			sourceTree = "<group>";
		};
		5DFC46AC1C02389D0085852B /* Graphics */ = {
			isa = PBXGroup;
			children = (
				5DFC46AD1C02389D0085852B /* Shader */,
				5DFC47631C0278520085852B /* RMDrawable.h */,
				5DFC47641C0278520085852B /* RMDrawable.m */,
				5DFC47661C0278BA0085852B /* RMVBOObject+RMDrawable.h */,
				5DFC47671C0278BA0085852B /* RMVBOObject+RMDrawable.m */,
			);
			path = Graphics;
			sourceTree = "<group>";
		};
		5DFC46AD1C02389D0085852B /* Shader */ = {
			isa = PBXGroup;
			children = (
				5DFC46B01C02389D0085852B /* RMProgram.h */,
				5DFC46B11C02389D0085852B /* RMProgram.m */,
				5DFC46B21C02389D0085852B /* RMShader.h */,
				5DFC46B31C02389D0085852B /* RMShader.m */,
				5DFC46B41C02389D0085852B /* RMVertexShader.h */,
				5DFC46B51C02389D0085852B /* RMVertexShader.m */,
				5DFC46AE1C02389D0085852B /* RMFragmentShader.h */,
				5DFC46AF1C02389D0085852B /* RMFragmentShader.m */,
				5DFC46BD1C0251350085852B /* RMVertexAttribute.h */,
				5DFC46BE1C0251350085852B /* RMVertexAttribute.m */,
			);
			path = Shader;
			sourceTree = "<group>";
		};
/* End PBXGroup section */

/* Begin PBXNativeTarget section */
		5D1583121BFDB7D4003A8AD7 /* ShaderView */ = {
			isa = PBXNativeTarget;
			buildConfigurationList = 5D1583351BFDB7D4003A8AD7 /* Build configuration list for PBXNativeTarget "ShaderView" */;
			buildPhases = (
				5D15830F1BFDB7D4003A8AD7 /* Sources */,
				5D1583101BFDB7D4003A8AD7 /* Frameworks */,
				5D1583111BFDB7D4003A8AD7 /* Resources */,
			);
			buildRules = (
			);
			dependencies = (
			);
			name = ShaderView;
			productName = ShaderView;
			productReference = 5D1583131BFDB7D4003A8AD7 /* ShaderView.app */;
			productType = "com.apple.product-type.application";
		};
		5D15832B1BFDB7D4003A8AD7 /* ShaderViewTests */ = {
			isa = PBXNativeTarget;
			buildConfigurationList = 5D1583381BFDB7D4003A8AD7 /* Build configuration list for PBXNativeTarget "ShaderViewTests" */;
			buildPhases = (
				5D1583281BFDB7D4003A8AD7 /* Sources */,
				5D1583291BFDB7D4003A8AD7 /* Frameworks */,
				5D15832A1BFDB7D4003A8AD7 /* Resources */,
			);
			buildRules = (
			);
			dependencies = (
				5D15832E1BFDB7D4003A8AD7 /* PBXTargetDependency */,
			);
			name = ShaderViewTests;
			productName = ShaderViewTests;
			productReference = 5D15832C1BFDB7D4003A8AD7 /* ShaderViewTests.xctest */;
			productType = "com.apple.product-type.bundle.unit-test";
		};
/* End PBXNativeTarget section */

/* Begin PBXProject section */
		5D15830B1BFDB7D4003A8AD7 /* Project object */ = {
			isa = PBXProject;
			attributes = {
				LastUpgradeCheck = 0710;
				ORGANIZATIONNAME = "Vitali Kurlovich";
				TargetAttributes = {
					5D1583121BFDB7D4003A8AD7 = {
						CreatedOnToolsVersion = 7.1.1;
						DevelopmentTeam = 5SLX4F29EU;
					};
					5D15832B1BFDB7D4003A8AD7 = {
						CreatedOnToolsVersion = 7.1.1;
						DevelopmentTeam = 5SLX4F29EU;
						TestTargetID = 5D1583121BFDB7D4003A8AD7;
					};
				};
			};
			buildConfigurationList = 5D15830E1BFDB7D4003A8AD7 /* Build configuration list for PBXProject "ShaderView" */;
			compatibilityVersion = "Xcode 3.2";
			developmentRegion = English;
			hasScannedForEncodings = 0;
			knownRegions = (
				en,
				Base,
			);
			mainGroup = 5D15830A1BFDB7D4003A8AD7;
			productRefGroup = 5D1583141BFDB7D4003A8AD7 /* Products */;
			projectDirPath = "";
			projectRoot = "";
			targets = (
				5D1583121BFDB7D4003A8AD7 /* ShaderView */,
				5D15832B1BFDB7D4003A8AD7 /* ShaderViewTests */,
			);
		};
/* End PBXProject section */

/* Begin PBXResourcesBuildPhase section */
		5D1583111BFDB7D4003A8AD7 /* Resources */ = {
			isa = PBXResourcesBuildPhase;
			buildActionMask = 2147483647;
			files = (
				5D1583261BFDB7D4003A8AD7 /* LaunchScreen.storyboard in Resources */,
				5D2438871C04E9A600AB90D6 /* Julia.frag in Resources */,
				5D1583231BFDB7D4003A8AD7 /* Assets.xcassets in Resources */,
				5D2438881C04E9A600AB90D6 /* Julia.vert in Resources */,
				5D1583211BFDB7D4003A8AD7 /* Main.storyboard in Resources */,
			);
			runOnlyForDeploymentPostprocessing = 0;
		};
		5D15832A1BFDB7D4003A8AD7 /* Resources */ = {
			isa = PBXResourcesBuildPhase;
			buildActionMask = 2147483647;
			files = (
			);
			runOnlyForDeploymentPostprocessing = 0;
		};
/* End PBXResourcesBuildPhase section */

/* Begin PBXSourcesBuildPhase section */
		5D15830F1BFDB7D4003A8AD7 /* Sources */ = {
			isa = PBXSourcesBuildPhase;
			buildActionMask = 2147483647;
			files = (
				5D45960A1C078F9C00C30F30 /* RMSourceCodeLineNumberView.m in Sources */,
				5D45960C1C078F9C00C30F30 /* RMFragmentShaderCodeViewController.m in Sources */,
				5D1C6DA91C031D5F00E19C87 /* RMGLFragmentShader.m in Sources */,
				5D45960B1C078F9C00C30F30 /* RMSourceCodeTextView.m in Sources */,
				5DFC47681C0278BA0085852B /* RMVBOObject+RMDrawable.m in Sources */,
				5D5EBB8A1C05B77500504CAD /* RMShaderViewController.m in Sources */,
				5DFC46B71C02389D0085852B /* RMProgram.m in Sources */,
				5DFC46B91C02389D0085852B /* RMVertexShader.m in Sources */,
				5DFC46BF1C0251350085852B /* RMVertexAttribute.m in Sources */,
				5DFC46A51C02382A0085852B /* RMMatrix.m in Sources */,
				5DFC468E1C02361D0085852B /* RMVBOBuffer.m in Sources */,
				5DFC46A61C02382A0085852B /* RMMatrix2x2.m in Sources */,
				5D45960D1C078F9C00C30F30 /* RMSourceCodeViewController.m in Sources */,
				5DFC46B61C02389D0085852B /* RMFragmentShader.m in Sources */,
				5D1C6F351C034EBA00E19C87 /* RMCommon.m in Sources */,
				5DFC46C21C025E9C0085852B /* RMVBOVertexAttribute.m in Sources */,
				5D45960E1C078F9C00C30F30 /* RMVertexShaderCodeViewController.m in Sources */,
				5D1C6DAE1C031D5F00E19C87 /* RMGLTexture.m in Sources */,
				5D1C6DA81C031D5F00E19C87 /* RMGLVBOObject.m in Sources */,
				5D1C6F321C034E8400E19C87 /* RMSceneObject.m in Sources */,
				5D368C3E1BFF17AD00FE2A83 /* RMRender.m in Sources */,
				5D4595FC1C078F1C00C30F30 /* RMShaderView.m in Sources */,
				5DFC464D1C020F280085852B /* RMMaterial.m in Sources */,
				5DFC468F1C02361D0085852B /* RMVBOObject.m in Sources */,
				5DFC47651C0278520085852B /* RMDrawable.m in Sources */,
				5D5EBB841C05A3CD00504CAD /* RMTestRenderScene.m in Sources */,
				5D1C6DAB1C031D5F00E19C87 /* RMGLVertexShader.m in Sources */,
				5D1C6DAA1C031D5F00E19C87 /* RMGLSLProgram.m in Sources */,
				5D2438121C04C08D00AB90D6 /* RMVBOVertexBuffer.m in Sources */,
				5D1583521BFDB845003A8AD7 /* RMTexture.m in Sources */,
				5D15831B1BFDB7D4003A8AD7 /* AppDelegate.m in Sources */,
				5D1C6F381C03539E00E19C87 /* RMTransform.m in Sources */,
				5D1583181BFDB7D4003A8AD7 /* main.m in Sources */,
				5D5EBB871C05AC4600504CAD /* RMShaderEditorTabViewController.m in Sources */,
				5D1C6DAF1C031D5F00E19C87 /* RMMatrix+_RMOpenGL_.m in Sources */,
				5DFC46A71C02382A0085852B /* RMMatrix3x3.m in Sources */,
				5DFC46A81C02382A0085852B /* RMMatrix4x4.m in Sources */,
				5DFC46B81C02389D0085852B /* RMShader.m in Sources */,
				5D1583701BFE508A003A8AD7 /* RMCamera.m in Sources */,
				5DFC46AB1C02384C0085852B /* RMVector.m in Sources */,
				5D4595FB1C078F1C00C30F30 /* RMGLShaderView.m in Sources */,
				5D1583651BFDFE2F003A8AD7 /* RMMath.m in Sources */,
			);
			runOnlyForDeploymentPostprocessing = 0;
		};
		5D1583281BFDB7D4003A8AD7 /* Sources */ = {
			isa = PBXSourcesBuildPhase;
			buildActionMask = 2147483647;
			files = (
				5D1583671BFDFF5D003A8AD7 /* RMTestMath.m in Sources */,
				5D1583311BFDB7D4003A8AD7 /* ShaderViewTests.m in Sources */,
			);
			runOnlyForDeploymentPostprocessing = 0;
		};
/* End PBXSourcesBuildPhase section */

/* Begin PBXTargetDependency section */
		5D15832E1BFDB7D4003A8AD7 /* PBXTargetDependency */ = {
			isa = PBXTargetDependency;
			target = 5D1583121BFDB7D4003A8AD7 /* ShaderView */;
			targetProxy = 5D15832D1BFDB7D4003A8AD7 /* PBXContainerItemProxy */;
		};
/* End PBXTargetDependency section */

/* Begin PBXVariantGroup section */
		5D15831F1BFDB7D4003A8AD7 /* Main.storyboard */ = {
			isa = PBXVariantGroup;
			children = (
				5D1583201BFDB7D4003A8AD7 /* Base */,
			);
			name = Main.storyboard;
			sourceTree = "<group>";
		};
		5D1583241BFDB7D4003A8AD7 /* LaunchScreen.storyboard */ = {
			isa = PBXVariantGroup;
			children = (
				5D1583251BFDB7D4003A8AD7 /* Base */,
			);
			name = LaunchScreen.storyboard;
			sourceTree = "<group>";
		};
/* End PBXVariantGroup section */

/* Begin XCBuildConfiguration section */
		5D1583331BFDB7D4003A8AD7 /* Debug */ = {
			isa = XCBuildConfiguration;
			buildSettings = {
				ALWAYS_SEARCH_USER_PATHS = NO;
				CLANG_CXX_LANGUAGE_STANDARD = "gnu++0x";
				CLANG_CXX_LIBRARY = "libc++";
				CLANG_ENABLE_MODULES = YES;
				CLANG_ENABLE_OBJC_ARC = YES;
				CLANG_WARN_BOOL_CONVERSION = YES;
				CLANG_WARN_CONSTANT_CONVERSION = YES;
				CLANG_WARN_DIRECT_OBJC_ISA_USAGE = YES_ERROR;
				CLANG_WARN_EMPTY_BODY = YES;
				CLANG_WARN_ENUM_CONVERSION = YES;
				CLANG_WARN_INT_CONVERSION = YES;
				CLANG_WARN_OBJC_ROOT_CLASS = YES_ERROR;
				CLANG_WARN_UNREACHABLE_CODE = YES;
				CLANG_WARN__DUPLICATE_METHOD_MATCH = YES;
				"CODE_SIGN_IDENTITY[sdk=iphoneos*]" = "iPhone Developer";
				COPY_PHASE_STRIP = NO;
				DEBUG_INFORMATION_FORMAT = dwarf;
				ENABLE_STRICT_OBJC_MSGSEND = YES;
				ENABLE_TESTABILITY = YES;
				GCC_C_LANGUAGE_STANDARD = gnu99;
				GCC_DYNAMIC_NO_PIC = NO;
				GCC_NO_COMMON_BLOCKS = YES;
				GCC_OPTIMIZATION_LEVEL = 0;
				GCC_PREPROCESSOR_DEFINITIONS = (
					"DEBUG=1",
					"$(inherited)",
				);
				GCC_WARN_64_TO_32_BIT_CONVERSION = YES;
				GCC_WARN_ABOUT_RETURN_TYPE = YES_ERROR;
				GCC_WARN_UNDECLARED_SELECTOR = YES;
				GCC_WARN_UNINITIALIZED_AUTOS = YES_AGGRESSIVE;
				GCC_WARN_UNUSED_FUNCTION = YES;
				GCC_WARN_UNUSED_VARIABLE = YES;
				IPHONEOS_DEPLOYMENT_TARGET = 9.1;
				MTL_ENABLE_DEBUG_INFO = YES;
				ONLY_ACTIVE_ARCH = YES;
				SDKROOT = iphoneos;
				TARGETED_DEVICE_FAMILY = "1,2";
			};
			name = Debug;
		};
		5D1583341BFDB7D4003A8AD7 /* Release */ = {
			isa = XCBuildConfiguration;
			buildSettings = {
				ALWAYS_SEARCH_USER_PATHS = NO;
				CLANG_CXX_LANGUAGE_STANDARD = "gnu++0x";
				CLANG_CXX_LIBRARY = "libc++";
				CLANG_ENABLE_MODULES = YES;
				CLANG_ENABLE_OBJC_ARC = YES;
				CLANG_WARN_BOOL_CONVERSION = YES;
				CLANG_WARN_CONSTANT_CONVERSION = YES;
				CLANG_WARN_DIRECT_OBJC_ISA_USAGE = YES_ERROR;
				CLANG_WARN_EMPTY_BODY = YES;
				CLANG_WARN_ENUM_CONVERSION = YES;
				CLANG_WARN_INT_CONVERSION = YES;
				CLANG_WARN_OBJC_ROOT_CLASS = YES_ERROR;
				CLANG_WARN_UNREACHABLE_CODE = YES;
				CLANG_WARN__DUPLICATE_METHOD_MATCH = YES;
				"CODE_SIGN_IDENTITY[sdk=iphoneos*]" = "iPhone Developer";
				COPY_PHASE_STRIP = NO;
				DEBUG_INFORMATION_FORMAT = "dwarf-with-dsym";
				ENABLE_NS_ASSERTIONS = NO;
				ENABLE_STRICT_OBJC_MSGSEND = YES;
				GCC_C_LANGUAGE_STANDARD = gnu99;
				GCC_NO_COMMON_BLOCKS = YES;
				GCC_WARN_64_TO_32_BIT_CONVERSION = YES;
				GCC_WARN_ABOUT_RETURN_TYPE = YES_ERROR;
				GCC_WARN_UNDECLARED_SELECTOR = YES;
				GCC_WARN_UNINITIALIZED_AUTOS = YES_AGGRESSIVE;
				GCC_WARN_UNUSED_FUNCTION = YES;
				GCC_WARN_UNUSED_VARIABLE = YES;
				IPHONEOS_DEPLOYMENT_TARGET = 9.1;
				MTL_ENABLE_DEBUG_INFO = NO;
				SDKROOT = iphoneos;
				TARGETED_DEVICE_FAMILY = "1,2";
				VALIDATE_PRODUCT = YES;
			};
			name = Release;
		};
		5D1583361BFDB7D4003A8AD7 /* Debug */ = {
			isa = XCBuildConfiguration;
			buildSettings = {
				ASSETCATALOG_COMPILER_APPICON_NAME = AppIcon;
				INFOPLIST_FILE = ShaderView/Info.plist;
				LD_RUNPATH_SEARCH_PATHS = "$(inherited) @executable_path/Frameworks";
				PRODUCT_BUNDLE_IDENTIFIER = rm.ui.ShaderView;
				PRODUCT_NAME = "$(TARGET_NAME)";
			};
			name = Debug;
		};
		5D1583371BFDB7D4003A8AD7 /* Release */ = {
			isa = XCBuildConfiguration;
			buildSettings = {
				ASSETCATALOG_COMPILER_APPICON_NAME = AppIcon;
				INFOPLIST_FILE = ShaderView/Info.plist;
				LD_RUNPATH_SEARCH_PATHS = "$(inherited) @executable_path/Frameworks";
				PRODUCT_BUNDLE_IDENTIFIER = rm.ui.ShaderView;
				PRODUCT_NAME = "$(TARGET_NAME)";
			};
			name = Release;
		};
		5D1583391BFDB7D4003A8AD7 /* Debug */ = {
			isa = XCBuildConfiguration;
			buildSettings = {
				BUNDLE_LOADER = "$(TEST_HOST)";
				INFOPLIST_FILE = ShaderViewTests/Info.plist;
				LD_RUNPATH_SEARCH_PATHS = "$(inherited) @executable_path/Frameworks @loader_path/Frameworks";
				PRODUCT_BUNDLE_IDENTIFIER = rm.ui.ShaderViewTests;
				PRODUCT_NAME = "$(TARGET_NAME)";
				TEST_HOST = "$(BUILT_PRODUCTS_DIR)/ShaderView.app/ShaderView";
			};
			name = Debug;
		};
		5D15833A1BFDB7D4003A8AD7 /* Release */ = {
			isa = XCBuildConfiguration;
			buildSettings = {
				BUNDLE_LOADER = "$(TEST_HOST)";
				INFOPLIST_FILE = ShaderViewTests/Info.plist;
				LD_RUNPATH_SEARCH_PATHS = "$(inherited) @executable_path/Frameworks @loader_path/Frameworks";
				PRODUCT_BUNDLE_IDENTIFIER = rm.ui.ShaderViewTests;
				PRODUCT_NAME = "$(TARGET_NAME)";
				TEST_HOST = "$(BUILT_PRODUCTS_DIR)/ShaderView.app/ShaderView";
			};
			name = Release;
		};
/* End XCBuildConfiguration section */

/* Begin XCConfigurationList section */
		5D15830E1BFDB7D4003A8AD7 /* Build configuration list for PBXProject "ShaderView" */ = {
			isa = XCConfigurationList;
			buildConfigurations = (
				5D1583331BFDB7D4003A8AD7 /* Debug */,
				5D1583341BFDB7D4003A8AD7 /* Release */,
			);
			defaultConfigurationIsVisible = 0;
			defaultConfigurationName = Release;
		};
		5D1583351BFDB7D4003A8AD7 /* Build configuration list for PBXNativeTarget "ShaderView" */ = {
			isa = XCConfigurationList;
			buildConfigurations = (
				5D1583361BFDB7D4003A8AD7 /* Debug */,
				5D1583371BFDB7D4003A8AD7 /* Release */,
			);
			defaultConfigurationIsVisible = 0;
			defaultConfigurationName = Release;
		};
		5D1583381BFDB7D4003A8AD7 /* Build configuration list for PBXNativeTarget "ShaderViewTests" */ = {
			isa = XCConfigurationList;
			buildConfigurations = (
				5D1583391BFDB7D4003A8AD7 /* Debug */,
				5D15833A1BFDB7D4003A8AD7 /* Release */,
			);
			defaultConfigurationIsVisible = 0;
			defaultConfigurationName = Release;
		};
/* End XCConfigurationList section */
	};
	rootObject = 5D15830B1BFDB7D4003A8AD7 /* Project object */;
}
